{
  "name": "queen-kafka-compat-platformatic",
  "version": "0.0.0",
  "lockfileVersion": 3,
  "requires": true,
  "packages": {
    "": {
      "name": "queen-kafka-compat-platformatic",
      "version": "0.0.0",
      "dependencies": {
        "@platformatic/kafka": "^2.11.0"
      },
      "engines": {
        "node": ">=24.0.0"
      }
    },
    "node_modules/@node-rs/crc32": {
      "version": "1.10.7",
      "resolved": "https://registry.npmjs.org/@node-rs/crc32/-/crc32-1.10.7.tgz",
      "integrity": "sha512-OwuyRAe9Lj0GoFVBFzTS6bTAV4i+Xd68sYbNUmLnI1GVkQIqVb9mzNrpKSZkBFiQD73CdMB/uKYsvk2bxq/eZg==",
      "license": "MIT",
      "optional": true,
      "engines": {
        "node": ">= 10"
      },
      "funding": {
        "type": "github",
        "url": "https://github.com/sponsors/Brooooooklyn"
      },
      "optionalDependencies": {
        "@node-rs/crc32-android-arm-eabi": "1.10.7",
        "@node-rs/crc32-android-arm64": "1.10.7",
        "@node-rs/crc32-darwin-arm64": "1.10.7",
        "@node-rs/crc32-darwin-x64": "1.10.7",
        "@node-rs/crc32-freebsd-x64": "1.10.7",
        "@node-rs/crc32-linux-arm-gnueabihf": "1.10.7",
        "@node-rs/crc32-linux-arm64-gnu": "1.10.7",
        "@node-rs/crc32-linux-arm64-musl": "1.10.7",
        "@node-rs/crc32-linux-x64-gnu": "1.10.7",
        "@node-rs/crc32-linux-x64-musl": "1.10.7",
        "@node-rs/crc32-win32-arm64-msvc": "1.10.7",
        "@node-rs/crc32-win32-ia32-msvc": "1.10.7",
        "@node-rs/crc32-win32-x64-msvc": "1.10.7"
      }
    },
    "node_modules/@node-rs/crc32-android-arm-eabi": {
      "version": "1.10.7",
      "resolved": "https://registry.npmjs.org/@node-rs/crc32-android-arm-eabi/-/crc32-android-arm-eabi-1.10.7.tgz",
      "integrity": "sha512-mWNghDkwgoc5uJhhPx/LbgLoNAxnq6Sfz4pTxi4NWG7s5l+dPe7K+L4kXb0oOfwl3Yq3Ro7CNPGLrU4cmTXhaA==",
      "cpu": [
        "arm"
      ],
      "license": "MIT",
      "optional": true,
      "os": [
        "android"
      ],
      "engines": {
        "node": ">= 10"
      }
    },
    "node_modules/@node-rs/crc32-android-arm64": {
      "version": "1.10.7",
      "resolved": "https://registry.npmjs.org/@node-rs/crc32-android-arm64/-/crc32-android-arm64-1.10.7.tgz",
      "integrity": "sha512-lLUVm2H5HrSm/g2379JBRsSr5RCDqobP6I5sxZd+wSq6WBH2b6goilNYhxbss8gYQZLCJA09EvyFkZFFU9VuAQ==",
      "cpu": [
        "arm64"
      ],
      "license": "MIT",
      "optional": true,
      "os": [
        "android"
      ],
      "engines": {
        "node": ">= 10"
      }
    },
    "node_modules/@node-rs/crc32-darwin-arm64": {
      "version": "1.10.7",
      "resolved": "https://registry.npmjs.org/@node-rs/crc32-darwin-arm64/-/crc32-darwin-arm64-1.10.7.tgz",
      "integrity": "sha512-8slhmrRa3B3/z+MnLgST+lR5T0Oic60YTQ3S9OIHP259GiktlmdYyebhAvy0bBcyCuScLDcW0EB3sXxWw1TCbQ==",
      "cpu": [
        "arm64"
      ],
      "license": "MIT",
      "optional": true,
      "os": [
        "darwin"
      ],
      "engines": {
        "node": ">= 10"
      }
    },
    "node_modules/@node-rs/crc32-darwin-x64": {
      "version": "1.10.7",
      "resolved": "https://registry.npmjs.org/@node-rs/crc32-darwin-x64/-/crc32-darwin-x64-1.10.7.tgz",
      "integrity": "sha512-+RkQ2+jSWco0WqSPq7GWJlJwmJpIGA79OoToGTSAsqgypkls4i3PlexVTPrfepuHn3whpa4GrmjvLbRm5RXgCQ==",
      "cpu": [
        "x64"
      ],
      "license": "MIT",
      "optional": true,
      "os": [
        "darwin"
      ],
      "engines": {
        "node": ">= 10"
      }
    },
    "node_modules/@node-rs/crc32-freebsd-x64": {
      "version": "1.10.7",
      "resolved": "https://registry.npmjs.org/@node-rs/crc32-freebsd-x64/-/crc32-freebsd-x64-1.10.7.tgz",
      "integrity": "sha512-yqtsf23JCO1gYt3/Rkk5aoVn1rINk/J7//A9EKwGstNpBBlN3t0JKD3QpGzEnqc1vS72lEvIeO9sO3XiH+hJWw==",
      "cpu": [
        "x64"
      ],
      "license": "MIT",
      "optional": true,
      "os": [
        "freebsd"
      ],
      "engines": {
        "node": ">= 10"
      }
    },
    "node_modules/@node-rs/crc32-linux-arm-gnueabihf": {
      "version": "1.10.7",
      "resolved": "https://registry.npmjs.org/@node-rs/crc32-linux-arm-gnueabihf/-/crc32-linux-arm-gnueabihf-1.10.7.tgz",
      "integrity": "sha512-AB/I1GO9LDIIHiur2bexqPy30740AmBjEhO8ij9k9desVO41dN5/ddTU2+xbf9TYt2XXvku1qYbtf5YHAAVFAw==",
      "cpu": [
        "arm"
      ],
      "license": "MIT",
      "optional": true,
      "os": [
        "linux"
      ],
      "engines": {
        "node": ">= 10"
      }
    },
    "node_modules/@node-rs/crc32-linux-arm64-gnu": {
      "version": "1.10.7",
      "resolved": "https://registry.npmjs.org/@node-rs/crc32-linux-arm64-gnu/-/crc32-linux-arm64-gnu-1.10.7.tgz",
      "integrity": "sha512-0lPFuudkW+bpeXUZAqz6FSml6Z2JvF52UGSALvnDS8Qyg3wKBNWjcXy78Pw1wiIGao/AAFFr74I3OwCMzYujuQ==",
      "cpu": [
        "arm64"
      ],
      "license": "MIT",
      "optional": true,
      "os": [
        "linux"
      ],
      "engines": {
        "node": ">= 10"
      }
    },
    "node_modules/@node-rs/crc32-linux-arm64-musl": {
      "version": "1.10.7",
      "resolved": "https://registry.npmjs.org/@node-rs/crc32-linux-arm64-musl/-/crc32-linux-arm64-musl-1.10.7.tgz",
      "integrity": "sha512-lx5m7iCmdXPGigG7AI5NiawWsiJ1HwR/w6PV8XN48HNsgzdjar0ISB8TSLtJpq+jFcj10Wcz3Rt43RA72652Vg==",
      "cpu": [
        "arm64"
      ],
      "license": "MIT",
      "optional": true,
      "os": [
        "linux"
      ],
      "engines": {
        "node": ">= 10"
      }
    },
    "node_modules/@node-rs/crc32-linux-x64-gnu": {
      "version": "1.10.7",
      "resolved": "https://registry.npmjs.org/@node-rs/crc32-linux-x64-gnu/-/crc32-linux-x64-gnu-1.10.7.tgz",
      "integrity": "sha512-If3ogA9D2XKKb8vHttu+jl3BTWT7UCTgmrXmUAwQABH45iK32AZ9OoMcrg2rWKKXgGpG6x3IslFBgzdOkObDnA==",
      "cpu": [
        "x64"
      ],
      "license": "MIT",
      "optional": true,
      "os": [
        "linux"
      ],
      "engines": {
        "node": ">= 10"
      }
    },
    "node_modules/@node-rs/crc32-linux-x64-musl": {
      "version": "1.10.7",
      "resolved": "https://registry.npmjs.org/@node-rs/crc32-linux-x64-musl/-/crc32-linux-x64-musl-1.10.7.tgz",
      "integrity": "sha512-XxuxZYJhQBlo2rRnyOOummZSyBdC+jHpXWM9XSWs1LWfsgc36IauKY+XXRAJwKwefx8lwmMjqp6T/Zq9frU87w==",
      "cpu": [
        "x64"
      ],
      "license": "MIT",
      "optional": true,
      "os": [
        "linux"
      ],
      "engines": {
        "node": ">= 10"
      }
    },
    "node_modules/@node-rs/crc32-win32-arm64-msvc": {
      "version": "1.10.7",
      "resolved": "https://registry.npmjs.org/@node-rs/crc32-win32-arm64-msvc/-/crc32-win32-arm64-msvc-1.10.7.tgz",
      "integrity": "sha512-Rs8TGuvxgpkteSLhPqAb3DOqqRO1jiYghdMxozl+P3Ftep1hTWL8+gwYF5dtu1BtdOJpz23A+8GehSuwl96MrQ==",
      "cpu": [
        "arm64"
      ],
      "license": "MIT",
      "optional": true,
      "os": [
        "win32"
      ],
      "engines": {
        "node": ">= 10"
      }
    },
    "node_modules/@node-rs/crc32-win32-ia32-msvc": {
      "version": "1.10.7",
      "resolved": "https://registry.npmjs.org/@node-rs/crc32-win32-ia32-msvc/-/crc32-win32-ia32-msvc-1.10.7.tgz",
      "integrity": "sha512-G/xNcmblMH6Z7KBX02XJPJj2UGo6eTgFa+r5ZU17O8V5P9iQLrKqs/T7Sz40otDxazD1maSXT/zA8Q7rBu2/3g==",
      "cpu": [
        "ia32"
      ],
      "license": "MIT",
      "optional": true,
      "os": [
        "win32"
      ],
      "engines": {
        "node": ">= 10"
      }
    },
    "node_modules/@node-rs/crc32-win32-x64-msvc": {
      "version": "1.10.7",
      "resolved": "https://registry.npmjs.org/@node-rs/crc32-win32-x64-msvc/-/crc32-win32-x64-msvc-1.10.7.tgz",
      "integrity": "sha512-1uXrMu17uz12WPdii84NXmoQsoPdmSQViyCMJPu0KQuwnhErQCA4PoGK+dih9jY0mrcLuzR1r5wXVaE049fJ6w==",
      "cpu": [
        "x64"
      ],
      "license": "MIT",
      "optional": true,
      "os": [
        "win32"
      ],
      "engines": {
        "node": ">= 10"
      }
    },
    "node_modules/@platformatic/dynamic-buffer": {
      "version": "0.3.1",
      "resolved": "https://registry.npmjs.org/@platformatic/dynamic-buffer/-/dynamic-buffer-0.3.1.tgz",
      "integrity": "sha512-xQD5JSkQc4D15suOk7FezGDmh6Vb5e4phDoFZ/ASpa3Ft+3fOVwFOENmHtC1561zm/xHnKwI91NbMF8inpbk0Q==",
      "license": "Apache-2.0",
      "engines": {
        "node": ">= 22.19.0"
      }
    },
    "node_modules/@platformatic/kafka": {
      "version": "2.11.0",
      "resolved": "https://registry.npmjs.org/@platformatic/kafka/-/kafka-2.11.0.tgz",
      "integrity": "sha512-mEkmYN+Crx1Tz4BjtRV4RW2L3AcGdxAbuVMGuO9Qv6vZ1iLOfmqyKxWb+CH1SxxvkzPrHE0EyIiuAD2cF1MVIg==",
      "license": "Apache-2.0",
      "dependencies": {
        "@platformatic/dynamic-buffer": "^0.3.1",
        "@platformatic/wasm-utils": "^0.2.1",
        "ajv": "^8.17.1",
        "ajv-draft-04": "^1.0.0",
        "avsc": "^5.7.9",
        "debug": "^4.4.3",
        "fastq": "^1.19.1",
        "mnemonist": "^0.40.3",
        "scule": "^1.3.0"
      },
      "engines": {
        "node": ">= 22.22.0 || >= 24.6.0"
      },
      "optionalDependencies": {
        "@node-rs/crc32": "^1.10.6",
        "protobufjs": "^8.0.0"
      }
    },
    "node_modules/@platformatic/wasm-utils": {
      "version": "0.2.1",
      "resolved": "https://registry.npmjs.org/@platformatic/wasm-utils/-/wasm-utils-0.2.1.tgz",
      "integrity": "sha512-5rNl4h5n+hZG4LjiItQ7bVfHBqTypjldP46NXrOYW64cZr87ahngK1s9nEtCpByWg7WWjRLSxyCytgJK5gNdwQ==",
      "license": "Apache-2.0",
      "dependencies": {
        "@platformatic/dynamic-buffer": "^0.3.1"
      },
      "engines": {
        "node": ">= 22.19.0"
      }
    },
    "node_modules/ajv": {
      "version": "8.20.0",
      "resolved": "https://registry.npmjs.org/ajv/-/ajv-8.20.0.tgz",
      "integrity": "sha512-Thbli+OlOj+iMPYFBVBfJ3OmCAnaSyNn4M1vz9T6Gka5Jt9ba/HIR56joy65tY6kx/FCF5VXNB819Y7/GUrBGA==",
      "license": "MIT",
      "dependencies": {
        "fast-deep-equal": "^3.1.3",
        "fast-uri": "^3.0.1",
        "json-schema-traverse": "^1.0.0",
        "require-from-string": "^2.0.2"
      },
      "funding": {
        "type": "github",
        "url": "https://github.com/sponsors/epoberezkin"
      }
    },
    "node_modules/ajv-draft-04": {
      "version": "1.0.0",
      "resolved": "https://registry.npmjs.org/ajv-draft-04/-/ajv-draft-04-1.0.0.tgz",
      "integrity": "sha512-mv00Te6nmYbRp5DCwclxtt7yV/joXJPGS7nM+97GdxvuttCOfgI3K4U25zboyeX0O+myI8ERluxQe5wljMmVIw==",
      "license": "MIT",
      "peerDependencies": {
        "ajv": "^8.5.0"
      },
      "peerDependenciesMeta": {
        "ajv": {
          "optional": true
        }
      }
    },
    "node_modules/avsc": {
      "version": "5.7.9",
      "resolved": "https://registry.npmjs.org/avsc/-/avsc-5.7.9.tgz",
      "integrity": "sha512-yOA4wFeI7ET3v32Di/sUybQ+ttP20JHSW3mxLuNGeO0uD6PPcvLrIQXSvy/rhJOWU5JrYh7U4OHplWMmtAtjMg==",
      "license": "MIT",
      "engines": {
        "node": ">=0.11"
      }
    },
    "node_modules/debug": {
      "version": "4.4.3",
      "resolved": "https://registry.npmjs.org/debug/-/debug-4.4.3.tgz",
      "integrity": "sha512-RGwwWnwQvkVfavKVt22FGLw+xYSdzARwm0ru6DhTVA3umU5hZc28V3kO4stgYryrTlLpuvgI9GiijltAjNbcqA==",
      "license": "MIT",
      "dependencies": {
        "ms": "^2.1.3"
      },
      "engines": {
        "node": ">=6.0"
      },
      "peerDependenciesMeta": {
        "supports-color": {
          "optional": true
        }
      }
    },
    "node_modules/fast-deep-equal": {
      "version": "3.1.3",
      "resolved": "https://registry.npmjs.org/fast-deep-equal/-/fast-deep-equal-3.1.3.tgz",
      "integrity": "sha512-f3qQ9oQy9j2AhBe/H9VC91wLmKBCCU/gDOnKNAYG5hswO7BLKj09Hc5HYNz9cGI++xlpDCIgDaitVs03ATR84Q==",
      "license": "MIT"
    },
    "node_modules/fast-uri": {
      "version": "3.1.6",
      "resolved": "https://registry.npmjs.org/fast-uri/-/fast-uri-3.1.6.tgz",
      "integrity": "sha512-7Ical1vFEMr0onbVzEDIreM22I4khW+fzyQPwvAFWBp1iwdshSZRsL4jjRvPG9JP1uiqMHRto+YU6R2/CzDz5Q==",
      "funding": [
        {
          "type": "github",
          "url": "https://github.com/sponsors/fastify"
        },
        {
          "type": "opencollective",
          "url": "https://opencollective.com/fastify"
        }
      ],
      "license": "BSD-3-Clause"
    },
    "node_modules/fastq": {
      "version": "1.20.3",
      "resolved": "https://registry.npmjs.org/fastq/-/fastq-1.20.3.tgz",
      "integrity": "sha512-XKv5nnLs6nLF71NgiKJLIZFLkPyIEuOselLG7ujZnGrRfQK8HpvY+WqKhAJUAdLomwVHErVS4LfxFlPq0/FTAw==",
      "license": "ISC",
      "dependencies": {
        "reusify": "^1.0.4"
      }
    },
    "node_modules/json-schema-traverse": {
      "version": "1.0.0",
      "resolved": "https://registry.npmjs.org/json-schema-traverse/-/json-schema-traverse-1.0.0.tgz",
      "integrity": "sha512-NM8/P9n3XjXhIZn1lLhkFaACTOURQXjWhV4BA/RnOv8xvgqtqpAX9IO4mRQxSx1Rlo4tqzeqb0sOlruaOy3dug==",
      "license": "MIT"
    },
    "node_modules/long": {
      "version": "5.3.2",
      "resolved": "https://registry.npmjs.org/long/-/long-5.3.2.tgz",
      "integrity": "sha512-mNAgZ1GmyNhD7AuqnTG3/VQ26o760+ZYBPKjPvugO8+nLbYfX6TVpJPseBvopbdY+qpZ/lKUnmEc1LeZYS3QAA==",
      "license": "Apache-2.0",
      "optional": true
    },
    "node_modules/mnemonist": {
      "version": "0.40.4",
      "resolved": "https://registry.npmjs.org/mnemonist/-/mnemonist-0.40.4.tgz",
      "integrity": "sha512-ZAv+KNavneRVzu4tUeOgzkScI3W5BGwZ3rkxIpKtzzVgfTtWQFN1CgX0U72cyvyh3iTuHL3SiSmrQxTlryEIcw==",
      "license": "MIT",
      "dependencies": {
        "obliterator": "^2.0.4"
      }
    },
    "node_modules/ms": {
      "version": "2.1.3",
      "resolved": "https://registry.npmjs.org/ms/-/ms-2.1.3.tgz",
      "integrity": "sha512-6FlzubTLZG3J2a/NVCAleEhjzq5oxgHyaCU9yYXvcLsvoVaHJq/s5xXI6/XXP6tz7R9xAOtHnSO/tXtF3WRTlA==",
      "license": "MIT"
    },
    "node_modules/obliterator": {
      "version": "2.0.5",
      "resolved": "https://registry.npmjs.org/obliterator/-/obliterator-2.0.5.tgz",
      "integrity": "sha512-42CPE9AhahZRsMNslczq0ctAEtqk8Eka26QofnqC346BZdHDySk3LWka23LI7ULIw11NmltpiLagIq8gBozxTw==",
      "license": "MIT"
    },
    "node_modules/protobufjs": {
      "version": "8.8.0",
      "resolved": "https://registry.npmjs.org/protobufjs/-/protobufjs-8.8.0.tgz",
      "integrity": "sha512-N3xhQ5yyBx3vQq4gubBfASzYhJGNzeDbjqBpu61g7UVylsN/qyffU96TKWD3GbbLOKF82VGNRNvv1+BFgE31Eg==",
      "license": "BSD-3-Clause",
      "optional": true,
      "dependencies": {
        "long": "^5.3.2"
      },
      "engines": {
        "node": ">=12.0.0"
      }
    },
    "node_modules/require-from-string": {
      "version": "2.0.2",
      "resolved": "https://registry.npmjs.org/require-from-string/-/require-from-string-2.0.2.tgz",
      "integrity": "sha512-Xf0nWe6RseziFMu+Ap9biiUbmplq6S9/p+7w7YXP/JBHhrUDDUhwa+vANyubuqfZWTveU//DYVGsDG7RKL/vEw==",
      "license": "MIT",
      "engines": {
        "node": ">=0.10.0"
      }
    },
    "node_modules/reusify": {
      "version": "1.1.0",
      "resolved": "https://registry.npmjs.org/reusify/-/reusify-1.1.0.tgz",
      "integrity": "sha512-g6QUff04oZpHs0eG5p83rFLhHeV00ug/Yf9nZM6fLeUrPguBTkTQOdpAWWspMh55TZfVQDPaN3NQJfbVRAxdIw==",
      "license": "MIT",
      "engines": {
        "iojs": ">=1.0.0",
        "node": ">=0.10.0"
      }
    },
    "node_modules/scule": {
      "version": "1.3.0",
      "resolved": "https://registry.npmjs.org/scule/-/scule-1.3.0.tgz",
      "integrity": "sha512-6FtHJEvt+pVMIB9IBY+IcCJ6Z5f1iQnytgyfKMhDKgmzYG+TeH/wx1y3l27rshSbLiSanrR9ffZDrEsmjlQF2g==",
      "license": "MIT"
    }
  }
}
