{"1.2.0",
[{<<"brod">>,{pkg,<<"brod">>,<<"4.6.3">>},0},
 {<<"crc32cer">>,{pkg,<<"crc32cer">>,<<"1.1.4">>},2},
 {<<"ezstd">>,{pkg,<<"ezstd">>,<<"1.2.4">>},0},
 {<<"kafka_protocol">>,{pkg,<<"kafka_protocol">>,<<"4.3.6">>},1},
 {<<"lz4b">>,{pkg,<<"lz4b">>,<<"0.1.0">>},0},
 {<<"snappyer">>,{pkg,<<"snappyer">>,<<"1.2.10">>},0},
 {<<"telemetry">>,{pkg,<<"telemetry">>,<<"1.4.2">>},1}]}.
[
{pkg_hash,[
 {<<"brod">>, <<"2EF4033003756AB2C424549D2C38EEB52D8122105FC6BD2619FEB67B3E0BF930">>},
 {<<"crc32cer">>, <<"A68DB8211C672A8B9AAE2EABA8054B87758230AB0C0FDAEC98C3FA84DA27436D">>},
 {<<"ezstd">>, <<"7AB3ED4BF5ED93E249C936F457A060CF99487F392A41B2B3FD0F93E2C792A7D6">>},
 {<<"kafka_protocol">>, <<"E58546C9E2FD55761F85CFB114D5BC690D9F9C3DAB06274D860FD94EF01ED2AD">>},
 {<<"lz4b">>, <<"6C315519DC1EF9992668BBCE2708F8734F2B183FDEB42471C1F7F7558F07FCCB">>},
 {<<"snappyer">>, <<"023E9AE00E969B0997208B5DE7D3B12BB46EC6BC5411E8DC53E7B3F435B8F0FD">>},
 {<<"telemetry">>, <<"A0CB522801DFFB1C49FE6E30561BADFFC7B6D0E180DB1300DF759FAA22062855">>}]},
{pkg_hash_ext,[
 {<<"brod">>, <<"FF068E1983ECA1E56C9C366FE57C192C01989FED518B9B3A56EA06D0FA9FCEDC">>},
 {<<"crc32cer">>, <<"C3EF862A426E5F90AF8518DC8B327BDD1D1D32B7CA58FB8025103D826D710837">>},
 {<<"ezstd">>, <<"C79A63C8F1706CA5402D4D97347A1934F41FD8DD055C7AF4CA92B9BCBEF6D1C0">>},
 {<<"kafka_protocol">>, <<"49926AFA83518095F8827F43E82C0D49EBEFF0F60585DAC73415BC955E1DC908">>},
 {<<"lz4b">>, <<"D2CA0AB672CC9F657930BBF777E6ECB011B397954AA0D27ABFCA46101EF21F89">>},
 {<<"snappyer">>, <<"F55BD9ED147E7163CB3ACD1E431A7FF2C9E31CEACBB8308786094FB64551C284">>},
 {<<"telemetry">>, <<"928F6495066506077862C0D1646609EED891A4326BEE3126BA54B60AF61FEBB1">>}]}
].
